
Microsoft Visual Studio Solution File, Format Version 12.00
# Visual Studio Version 16
VisualStudioVersion = 16.0.29306.81
MinimumVisualStudioVersion = 10.0.40219.1
Project("{FAE04EC0-301F-11D3-BF4B-00C04F79EFBC}") = "JogoPingPong", "JogoPingPong\JogoPingPong.csproj", "{AE3163B3-A080-49C8-9B5B-1009D80093EE}"
EndProject
Global
	GlobalSection(SolutionConfigurationPlatforms) = preSolution
		Debug|Any CPU = Debug|Any CPU
		Release|Any CPU = Release|Any CPU
	EndGlobalSection
	GlobalSection(ProjectConfigurationPlatforms) = postSolution
		{AE3163B3-A080-49C8-9B5B-1009D80093EE}.Debug|Any CPU.ActiveCfg = Debug|Any CPU
		{AE3163B3-A080-49C8-9B5B-1009D80093EE}.Debug|Any CPU.Build.0 = Debug|Any CPU
		{AE3163B3-A080-49C8-9B5B-1009D80093EE}.Release|Any CPU.ActiveCfg = Release|Any CPU
		{AE3163B3-A080-49C8-9B5B-1009D80093EE}.Release|Any CPU.Build.0 = Release|Any CPU
	EndGlobalSection
	GlobalSection(SolutionProperties) = preSolution
		HideSolutionNode = FALSE
	EndGlobalSection
	GlobalSection(ExtensibilityGlobals) = postSolution
		SolutionGuid = {FE07584D-94EA-497B-BABE-758393FA6516}
	EndGlobalSection
EndGlobal
